
Microsoft Visual Studio Solution File, Format Version 12.00
# Visual Studio Version 17
VisualStudioVersion = 17.11.35312.102
MinimumVisualStudioVersion = 10.0.40219.1
Project("{FAE04EC0-301F-11D3-BF4B-00C04F79EFBC}") = "Lungora", "Lungora\Lungora.csproj", "{2FCF4825-C30B-4C99-A186-5269883C5FBC}"
EndProject
Global
	GlobalSection(SolutionConfigurationPlatforms) = preSolution
		Debug|Any CPU = Debug|Any CPU
		Release|Any CPU = Release|Any CPU
	EndGlobalSection
	GlobalSection(ProjectConfigurationPlatforms) = postSolution
		{2FCF4825-C30B-4C99-A186-5269883C5FBC}.Debug|Any CPU.ActiveCfg = Debug|Any CPU
		{2FCF4825-C30B-4C99-A186-5269883C5FBC}.Debug|Any CPU.Build.0 = Debug|Any CPU
		{2FCF4825-C30B-4C99-A186-5269883C5FBC}.Release|Any CPU.ActiveCfg = Release|Any CPU
		{2FCF4825-C30B-4C99-A186-5269883C5FBC}.Release|Any CPU.Build.0 = Release|Any CPU
	EndGlobalSection
	GlobalSection(SolutionProperties) = preSolution
		HideSolutionNode = FALSE
	EndGlobalSection
	GlobalSection(ExtensibilityGlobals) = postSolution
		SolutionGuid = {392DA723-C9AC-4E00-B36B-F59D34190E4F}
	EndGlobalSection
EndGlobal
